
Microsoft Visual Studio Solution File, Format Version 12.00
# Visual Studio Version 16
VisualStudioVersion = 16.0.31025.194
MinimumVisualStudioVersion = 10.0.40219.1
Project("{FAE04EC0-301F-11D3-BF4B-00C04F79EFBC}") = "BIS_Demo", "BIS_Demo.csproj", "{761FDEBA-46BC-4777-9E0D-6E07AC822DC0}"
EndProject
Global
	GlobalSection(SolutionConfigurationPlatforms) = preSolution
		Debug|Any CPU = Debug|Any CPU
		Release|Any CPU = Release|Any CPU
	EndGlobalSection
	GlobalSection(ProjectConfigurationPlatforms) = postSolution
		{761FDEBA-46BC-4777-9E0D-6E07AC822DC0}.Debug|Any CPU.ActiveCfg = Debug|Any CPU
		{761FDEBA-46BC-4777-9E0D-6E07AC822DC0}.Debug|Any CPU.Build.0 = Debug|Any CPU
		{761FDEBA-46BC-4777-9E0D-6E07AC822DC0}.Release|Any CPU.ActiveCfg = Release|Any CPU
		{761FDEBA-46BC-4777-9E0D-6E07AC822DC0}.Release|Any CPU.Build.0 = Release|Any CPU
	EndGlobalSection
	GlobalSection(SolutionProperties) = preSolution
		HideSolutionNode = FALSE
	EndGlobalSection
	GlobalSection(ExtensibilityGlobals) = postSolution
		SolutionGuid = {1282520F-7A08-401E-8911-70286A2544E0}
	EndGlobalSection
EndGlobal
